
Microsoft Visual Studio Solution File, Format Version 12.00
# Visual Studio Version 17
VisualStudioVersion = 17.8.34309.116
MinimumVisualStudioVersion = 10.0.40219.1
Project("{FAE04EC0-301F-11D3-BF4B-00C04F79EFBC}") = "passwordManger", "passwordManger\passwordManger.csproj", "{7153D600-E3CA-44F2-895D-8D96371C7EF8}"
EndProject
Global
	GlobalSection(SolutionConfigurationPlatforms) = preSolution
		Debug|Any CPU = Debug|Any CPU
		Release|Any CPU = Release|Any CPU
	EndGlobalSection
	GlobalSection(ProjectConfigurationPlatforms) = postSolution
		{7153D600-E3CA-44F2-895D-8D96371C7EF8}.Debug|Any CPU.ActiveCfg = Debug|Any CPU
		{7153D600-E3CA-44F2-895D-8D96371C7EF8}.Debug|Any CPU.Build.0 = Debug|Any CPU
		{7153D600-E3CA-44F2-895D-8D96371C7EF8}.Release|Any CPU.ActiveCfg = Release|Any CPU
		{7153D600-E3CA-44F2-895D-8D96371C7EF8}.Release|Any CPU.Build.0 = Release|Any CPU
	EndGlobalSection
	GlobalSection(SolutionProperties) = preSolution
		HideSolutionNode = FALSE
	EndGlobalSection
	GlobalSection(ExtensibilityGlobals) = postSolution
		SolutionGuid = {B95E7819-82A9-451F-9467-A849B7619B5F}
	EndGlobalSection
EndGlobal
